
Microsoft Visual Studio Solution File, Format Version 12.00
# Visual Studio 15
VisualStudioVersion = 15.0.28307.852
MinimumVisualStudioVersion = 10.0.40219.1
Project("{FAE04EC0-301F-11D3-BF4B-00C04F79EFBC}") = "SmallBusinessManagementSystem", "SmallBusinessManagementSystem\SmallBusinessManagementSystem.csproj", "{ACD59F14-9DAB-47FD-85C7-B48DEA1D0C69}"
EndProject
Global
	GlobalSection(SolutionConfigurationPlatforms) = preSolution
		Debug|Any CPU = Debug|Any CPU
		Release|Any CPU = Release|Any CPU
	EndGlobalSection
	GlobalSection(ProjectConfigurationPlatforms) = postSolution
		{ACD59F14-9DAB-47FD-85C7-B48DEA1D0C69}.Debug|Any CPU.ActiveCfg = Debug|Any CPU
		{ACD59F14-9DAB-47FD-85C7-B48DEA1D0C69}.Debug|Any CPU.Build.0 = Debug|Any CPU
		{ACD59F14-9DAB-47FD-85C7-B48DEA1D0C69}.Release|Any CPU.ActiveCfg = Release|Any CPU
		{ACD59F14-9DAB-47FD-85C7-B48DEA1D0C69}.Release|Any CPU.Build.0 = Release|Any CPU
	EndGlobalSection
	GlobalSection(SolutionProperties) = preSolution
		HideSolutionNode = FALSE
	EndGlobalSection
	GlobalSection(ExtensibilityGlobals) = postSolution
		SolutionGuid = {7F11C5BF-B6E3-4D61-9D5E-B1443A9BDA6A}
	EndGlobalSection
EndGlobal
